
Microsoft Visual Studio Solution File, Format Version 12.00
# Visual Studio 15
Project("{FAE04EC0-301F-11D3-BF4B-00C04F79EFBC}") = "Assembly-CSharp", "Assembly-CSharp.csproj", "{136764F1-9356-7434-1148-AD7B57CE9E1A}"
EndProject
Global
	GlobalSection(SolutionConfigurationPlatforms) = preSolution
		Debug|Any CPU = Debug|Any CPU
		Release|Any CPU = Release|Any CPU
	EndGlobalSection
	GlobalSection(ProjectConfigurationPlatforms) = postSolution
		{136764F1-9356-7434-1148-AD7B57CE9E1A}.Debug|Any CPU.ActiveCfg = Debug|Any CPU
		{136764F1-9356-7434-1148-AD7B57CE9E1A}.Debug|Any CPU.Build.0 = Debug|Any CPU
		{136764F1-9356-7434-1148-AD7B57CE9E1A}.Release|Any CPU.ActiveCfg = Release|Any CPU
		{136764F1-9356-7434-1148-AD7B57CE9E1A}.Release|Any CPU.Build.0 = Release|Any CPU
	EndGlobalSection
	GlobalSection(SolutionProperties) = preSolution
		HideSolutionNode = FALSE
	EndGlobalSection
EndGlobal
